// !$*UTF8*$!
{
	archiveVersion = 1;
	classes = {
	};
	objectVersion = 50;
	objects = {

/* Begin PBXBuildFile section */
		A932D1582339FCEA001ECA09 /* AppDelegate.m in Sources */ = {isa = PBXBuildFile; fileRef = A932D1572339FCEA001ECA09 /* AppDelegate.m */; };
		A932D15B2339FCEA001ECA09 /* SceneDelegate.m in Sources */ = {isa = PBXBuildFile; fileRef = A932D15A2339FCEA001ECA09 /* SceneDelegate.m */; };
		A932D15E2339FCEA001ECA09 /* ViewController.m in Sources */ = {isa = PBXBuildFile; fileRef = A932D15D2339FCEA001ECA09 /* ViewController.m */; };
		A932D1612339FCEA001ECA09 /* Main.storyboard in Resources */ = {isa = PBXBuildFile; fileRef = A932D15F2339FCEA001ECA09 /* Main.storyboard */; };
		A932D1632339FCEB001ECA09 /* Assets.xcassets in Resources */ = {isa = PBXBuildFile; fileRef = A932D1622339FCEB001ECA09 /* Assets.xcassets */; };
		A932D1662339FCEB001ECA09 /* LaunchScreen.storyboard in Resources */ = {isa = PBXBuildFile; fileRef = A932D1642339FCEB001ECA09 /* LaunchScreen.storyboard */; };
		A932D1692339FCEB001ECA09 /* main.m in Sources */ = {isa = PBXBuildFile; fileRef = A932D1682339FCEB001ECA09 /* main.m */; };
		A932D1732339FCEB001ECA09 /* XLLLimaTestTests.m in Sources */ = {isa = PBXBuildFile; fileRef = A932D1722339FCEB001ECA09 /* XLLLimaTestTests.m */; };
		A932D17E2339FCEB001ECA09 /* XLLLimaTestUITests.m in Sources */ = {isa = PBXBuildFile; fileRef = A932D17D2339FCEB001ECA09 /* XLLLimaTestUITests.m */; };
		A932D22A233A0E15001ECA09 /* LMColumnView.swift in Sources */ = {isa = PBXBuildFile; fileRef = A932D209233A0E15001ECA09 /* LMColumnView.swift */; };
		A932D22B233A0E15001ECA09 /* LMBoxView.m in Sources */ = {isa = PBXBuildFile; fileRef = A932D20B233A0E15001ECA09 /* LMBoxView.m */; };
		A932D22C233A0E15001ECA09 /* LMScrollView.swift in Sources */ = {isa = PBXBuildFile; fileRef = A932D20C233A0E15001ECA09 /* LMScrollView.swift */; };
		A932D22D233A0E15001ECA09 /* LMSpacer.m in Sources */ = {isa = PBXBuildFile; fileRef = A932D20D233A0E15001ECA09 /* LMSpacer.m */; };
		A932D22E233A0E15001ECA09 /* LMAnchorView.swift in Sources */ = {isa = PBXBuildFile; fileRef = A932D20E233A0E15001ECA09 /* LMAnchorView.swift */; };
		A932D22F233A0E15001ECA09 /* LMScrollView.m in Sources */ = {isa = PBXBuildFile; fileRef = A932D211233A0E15001ECA09 /* LMScrollView.m */; };
		A932D230233A0E15001ECA09 /* LMRowView.swift in Sources */ = {isa = PBXBuildFile; fileRef = A932D212233A0E15001ECA09 /* LMRowView.swift */; };
		A932D231233A0E15001ECA09 /* LMAnchorView.m in Sources */ = {isa = PBXBuildFile; fileRef = A932D213233A0E15001ECA09 /* LMAnchorView.m */; };
		A932D232233A0E15001ECA09 /* LMTableViewCell.swift in Sources */ = {isa = PBXBuildFile; fileRef = A932D215233A0E15001ECA09 /* LMTableViewCell.swift */; };
		A932D233233A0E15001ECA09 /* LMRowView.m in Sources */ = {isa = PBXBuildFile; fileRef = A932D216233A0E15001ECA09 /* LMRowView.m */; };
		A932D234233A0E15001ECA09 /* LMLayoutView.swift in Sources */ = {isa = PBXBuildFile; fileRef = A932D218233A0E15001ECA09 /* LMLayoutView.swift */; };
		A932D235233A0E15001ECA09 /* LMTableViewHeaderFooterView.swift in Sources */ = {isa = PBXBuildFile; fileRef = A932D219233A0E15001ECA09 /* LMTableViewHeaderFooterView.swift */; };
		A932D236233A0E15001ECA09 /* UIKit+Lima.swift in Sources */ = {isa = PBXBuildFile; fileRef = A932D21C233A0E15001ECA09 /* UIKit+Lima.swift */; };
		A932D237233A0E15001ECA09 /* LMCollectionViewCell.m in Sources */ = {isa = PBXBuildFile; fileRef = A932D21E233A0E15001ECA09 /* LMCollectionViewCell.m */; };
		A932D238233A0E15001ECA09 /* LMLayoutView.m in Sources */ = {isa = PBXBuildFile; fileRef = A932D21F233A0E15001ECA09 /* LMLayoutView.m */; };
		A932D239233A0E15001ECA09 /* LMTableViewCell.m in Sources */ = {isa = PBXBuildFile; fileRef = A932D222233A0E15001ECA09 /* LMTableViewCell.m */; };
		A932D23A233A0E15001ECA09 /* LMSpacer.swift in Sources */ = {isa = PBXBuildFile; fileRef = A932D224233A0E15001ECA09 /* LMSpacer.swift */; };
		A932D23B233A0E15001ECA09 /* LMColumnView.m in Sources */ = {isa = PBXBuildFile; fileRef = A932D226233A0E15001ECA09 /* LMColumnView.m */; };
		A932D23C233A0E15001ECA09 /* LMTableViewHeaderFooterView.m in Sources */ = {isa = PBXBuildFile; fileRef = A932D227233A0E15001ECA09 /* LMTableViewHeaderFooterView.m */; };
		A932D23E233A0E15001ECA09 /* UIKit+Lima.m in Sources */ = {isa = PBXBuildFile; fileRef = A932D229233A0E15001ECA09 /* UIKit+Lima.m */; };
/* End PBXBuildFile section */

/* Begin PBXContainerItemProxy section */
		A932D16F2339FCEB001ECA09 /* PBXContainerItemProxy */ = {
			isa = PBXContainerItemProxy;
			containerPortal = A932D14B2339FCEA001ECA09 /* Project object */;
			proxyType = 1;
			remoteGlobalIDString = A932D1522339FCEA001ECA09;
			remoteInfo = XLLLimaTest;
		};
		A932D17A2339FCEB001ECA09 /* PBXContainerItemProxy */ = {
			isa = PBXContainerItemProxy;
			containerPortal = A932D14B2339FCEA001ECA09 /* Project object */;
			proxyType = 1;
			remoteGlobalIDString = A932D1522339FCEA001ECA09;
			remoteInfo = XLLLimaTest;
		};
/* End PBXContainerItemProxy section */

/* Begin PBXFileReference section */
		A932D1532339FCEA001ECA09 /* XLLLimaTest.app */ = {isa = PBXFileReference; explicitFileType = wrapper.application; includeInIndex = 0; path = XLLLimaTest.app; sourceTree = BUILT_PRODUCTS_DIR; };
		A932D1562339FCEA001ECA09 /* AppDelegate.h */ = {isa = PBXFileReference; lastKnownFileType = sourcecode.c.h; path = AppDelegate.h; sourceTree = "<group>"; };
		A932D1572339FCEA001ECA09 /* AppDelegate.m */ = {isa = PBXFileReference; lastKnownFileType = sourcecode.c.objc; path = AppDelegate.m; sourceTree = "<group>"; };
		A932D1592339FCEA001ECA09 /* SceneDelegate.h */ = {isa = PBXFileReference; lastKnownFileType = sourcecode.c.h; path = SceneDelegate.h; sourceTree = "<group>"; };
		A932D15A2339FCEA001ECA09 /* SceneDelegate.m */ = {isa = PBXFileReference; lastKnownFileType = sourcecode.c.objc; path = SceneDelegate.m; sourceTree = "<group>"; };
		A932D15C2339FCEA001ECA09 /* ViewController.h */ = {isa = PBXFileReference; lastKnownFileType = sourcecode.c.h; path = ViewController.h; sourceTree = "<group>"; };
		A932D15D2339FCEA001ECA09 /* ViewController.m */ = {isa = PBXFileReference; lastKnownFileType = sourcecode.c.objc; path = ViewController.m; sourceTree = "<group>"; };
		A932D1602339FCEA001ECA09 /* Base */ = {isa = PBXFileReference; lastKnownFileType = file.storyboard; name = Base; path = Base.lproj/Main.storyboard; sourceTree = "<group>"; };
		A932D1622339FCEB001ECA09 /* Assets.xcassets */ = {isa = PBXFileReference; lastKnownFileType = folder.assetcatalog; path = Assets.xcassets; sourceTree = "<group>"; };
		A932D1652339FCEB001ECA09 /* Base */ = {isa = PBXFileReference; lastKnownFileType = file.storyboard; name = Base; path = Base.lproj/LaunchScreen.storyboard; sourceTree = "<group>"; };
		A932D1672339FCEB001ECA09 /* Info.plist */ = {isa = PBXFileReference; lastKnownFileType = text.plist.xml; path = Info.plist; sourceTree = "<group>"; };
		A932D1682339FCEB001ECA09 /* main.m */ = {isa = PBXFileReference; lastKnownFileType = sourcecode.c.objc; path = main.m; sourceTree = "<group>"; };
		A932D16E2339FCEB001ECA09 /* XLLLimaTestTests.xctest */ = {isa = PBXFileReference; explicitFileType = wrapper.cfbundle; includeInIndex = 0; path = XLLLimaTestTests.xctest; sourceTree = BUILT_PRODUCTS_DIR; };
		A932D1722339FCEB001ECA09 /* XLLLimaTestTests.m */ = {isa = PBXFileReference; lastKnownFileType = sourcecode.c.objc; path = XLLLimaTestTests.m; sourceTree = "<group>"; };
		A932D1742339FCEB001ECA09 /* Info.plist */ = {isa = PBXFileReference; lastKnownFileType = text.plist.xml; path = Info.plist; sourceTree = "<group>"; };
		A932D1792339FCEB001ECA09 /* XLLLimaTestUITests.xctest */ = {isa = PBXFileReference; explicitFileType = wrapper.cfbundle; includeInIndex = 0; path = XLLLimaTestUITests.xctest; sourceTree = BUILT_PRODUCTS_DIR; };
		A932D17D2339FCEB001ECA09 /* XLLLimaTestUITests.m */ = {isa = PBXFileReference; lastKnownFileType = sourcecode.c.objc; path = XLLLimaTestUITests.m; sourceTree = "<group>"; };
		A932D17F2339FCEC001ECA09 /* Info.plist */ = {isa = PBXFileReference; lastKnownFileType = text.plist.xml; path = Info.plist; sourceTree = "<group>"; };
		A932D209233A0E15001ECA09 /* LMColumnView.swift */ = {isa = PBXFileReference; fileEncoding = 4; lastKnownFileType = sourcecode.swift; path = LMColumnView.swift; sourceTree = "<group>"; };
		A932D20A233A0E15001ECA09 /* LMCollectionViewCell.h */ = {isa = PBXFileReference; fileEncoding = 4; lastKnownFileType = sourcecode.c.h; path = LMCollectionViewCell.h; sourceTree = "<group>"; };
		A932D20B233A0E15001ECA09 /* LMBoxView.m */ = {isa = PBXFileReference; fileEncoding = 4; lastKnownFileType = sourcecode.c.objc; path = LMBoxView.m; sourceTree = "<group>"; };
		A932D20C233A0E15001ECA09 /* LMScrollView.swift */ = {isa = PBXFileReference; fileEncoding = 4; lastKnownFileType = sourcecode.swift; path = LMScrollView.swift; sourceTree = "<group>"; };
		A932D20D233A0E15001ECA09 /* LMSpacer.m */ = {isa = PBXFileReference; fileEncoding = 4; lastKnownFileType = sourcecode.c.objc; path = LMSpacer.m; sourceTree = "<group>"; };
		A932D20E233A0E15001ECA09 /* LMAnchorView.swift */ = {isa = PBXFileReference; fileEncoding = 4; lastKnownFileType = sourcecode.swift; path = LMAnchorView.swift; sourceTree = "<group>"; };
		A932D20F233A0E15001ECA09 /* LMLayoutView.h */ = {isa = PBXFileReference; fileEncoding = 4; lastKnownFileType = sourcecode.c.h; path = LMLayoutView.h; sourceTree = "<group>"; };
		A932D210233A0E15001ECA09 /* Lima.h */ = {isa = PBXFileReference; fileEncoding = 4; lastKnownFileType = sourcecode.c.h; path = Lima.h; sourceTree = "<group>"; };
		A932D211233A0E15001ECA09 /* LMScrollView.m */ = {isa = PBXFileReference; fileEncoding = 4; lastKnownFileType = sourcecode.c.objc; path = LMScrollView.m; sourceTree = "<group>"; };
		A932D212233A0E15001ECA09 /* LMRowView.swift */ = {isa = PBXFileReference; fileEncoding = 4; lastKnownFileType = sourcecode.swift; path = LMRowView.swift; sourceTree = "<group>"; };
		A932D213233A0E15001ECA09 /* LMAnchorView.m */ = {isa = PBXFileReference; fileEncoding = 4; lastKnownFileType = sourcecode.c.objc; path = LMAnchorView.m; sourceTree = "<group>"; };
		A932D214233A0E15001ECA09 /* LMTableViewCell.h */ = {isa = PBXFileReference; fileEncoding = 4; lastKnownFileType = sourcecode.c.h; path = LMTableViewCell.h; sourceTree = "<group>"; };
		A932D215233A0E15001ECA09 /* LMTableViewCell.swift */ = {isa = PBXFileReference; fileEncoding = 4; lastKnownFileType = sourcecode.swift; path = LMTableViewCell.swift; sourceTree = "<group>"; };
		A932D216233A0E15001ECA09 /* LMRowView.m */ = {isa = PBXFileReference; fileEncoding = 4; lastKnownFileType = sourcecode.c.objc; path = LMRowView.m; sourceTree = "<group>"; };
		A932D217233A0E15001ECA09 /* UIKit+Lima.h */ = {isa = PBXFileReference; fileEncoding = 4; lastKnownFileType = sourcecode.c.h; path = "UIKit+Lima.h"; sourceTree = "<group>"; };
		A932D218233A0E15001ECA09 /* LMLayoutView.swift */ = {isa = PBXFileReference; fileEncoding = 4; lastKnownFileType = sourcecode.swift; path = LMLayoutView.swift; sourceTree = "<group>"; };
		A932D219233A0E15001ECA09 /* LMTableViewHeaderFooterView.swift */ = {isa = PBXFileReference; fileEncoding = 4; lastKnownFileType = sourcecode.swift; path = LMTableViewHeaderFooterView.swift; sourceTree = "<group>"; };
		A932D21A233A0E15001ECA09 /* LMColumnView.h */ = {isa = PBXFileReference; fileEncoding = 4; lastKnownFileType = sourcecode.c.h; path = LMColumnView.h; sourceTree = "<group>"; };
		A932D21B233A0E15001ECA09 /* LMTableViewHeaderFooterView.h */ = {isa = PBXFileReference; fileEncoding = 4; lastKnownFileType = sourcecode.c.h; path = LMTableViewHeaderFooterView.h; sourceTree = "<group>"; };
		A932D21C233A0E15001ECA09 /* UIKit+Lima.swift */ = {isa = PBXFileReference; fileEncoding = 4; lastKnownFileType = sourcecode.swift; path = "UIKit+Lima.swift"; sourceTree = "<group>"; };
		A932D21D233A0E15001ECA09 /* LMBoxView.h */ = {isa = PBXFileReference; fileEncoding = 4; lastKnownFileType = sourcecode.c.h; path = LMBoxView.h; sourceTree = "<group>"; };
		A932D21E233A0E15001ECA09 /* LMCollectionViewCell.m */ = {isa = PBXFileReference; fileEncoding = 4; lastKnownFileType = sourcecode.c.objc; path = LMCollectionViewCell.m; sourceTree = "<group>"; };
		A932D21F233A0E15001ECA09 /* LMLayoutView.m */ = {isa = PBXFileReference; fileEncoding = 4; lastKnownFileType = sourcecode.c.objc; path = LMLayoutView.m; sourceTree = "<group>"; };
		A932D220233A0E15001ECA09 /* LMSpacer.h */ = {isa = PBXFileReference; fileEncoding = 4; lastKnownFileType = sourcecode.c.h; path = LMSpacer.h; sourceTree = "<group>"; };
		A932D221233A0E15001ECA09 /* LMRowView.h */ = {isa = PBXFileReference; fileEncoding = 4; lastKnownFileType = sourcecode.c.h; path = LMRowView.h; sourceTree = "<group>"; };
		A932D222233A0E15001ECA09 /* LMTableViewCell.m */ = {isa = PBXFileReference; fileEncoding = 4; lastKnownFileType = sourcecode.c.objc; path = LMTableViewCell.m; sourceTree = "<group>"; };
		A932D223233A0E15001ECA09 /* LMAnchorView.h */ = {isa = PBXFileReference; fileEncoding = 4; lastKnownFileType = sourcecode.c.h; path = LMAnchorView.h; sourceTree = "<group>"; };
		A932D224233A0E15001ECA09 /* LMSpacer.swift */ = {isa = PBXFileReference; fileEncoding = 4; lastKnownFileType = sourcecode.swift; path = LMSpacer.swift; sourceTree = "<group>"; };
		A932D225233A0E15001ECA09 /* LMScrollView.h */ = {isa = PBXFileReference; fileEncoding = 4; lastKnownFileType = sourcecode.c.h; path = LMScrollView.h; sourceTree = "<group>"; };
		A932D226233A0E15001ECA09 /* LMColumnView.m */ = {isa = PBXFileReference; fileEncoding = 4; lastKnownFileType = sourcecode.c.objc; path = LMColumnView.m; sourceTree = "<group>"; };
		A932D227233A0E15001ECA09 /* LMTableViewHeaderFooterView.m */ = {isa = PBXFileReference; fileEncoding = 4; lastKnownFileType = sourcecode.c.objc; path = LMTableViewHeaderFooterView.m; sourceTree = "<group>"; };
		A932D229233A0E15001ECA09 /* UIKit+Lima.m */ = {isa = PBXFileReference; fileEncoding = 4; lastKnownFileType = sourcecode.c.objc; path = "UIKit+Lima.m"; sourceTree = "<group>"; };
		A932D241233A0EF1001ECA09 /* XLLLimaTest-Bridging-Header.h */ = {isa = PBXFileReference; lastKnownFileType = sourcecode.c.h; path = "XLLLimaTest-Bridging-Header.h"; sourceTree = "<group>"; };
/* End PBXFileReference section */

/* Begin PBXFrameworksBuildPhase section */
		A932D1502339FCEA001ECA09 /* Frameworks */ = {
			isa = PBXFrameworksBuildPhase;
			buildActionMask = 2147483647;
			files = (
			);
			runOnlyForDeploymentPostprocessing = 0;
		};
		A932D16B2339FCEB001ECA09 /* Frameworks */ = {
			isa = PBXFrameworksBuildPhase;
			buildActionMask = 2147483647;
			files = (
			);
			runOnlyForDeploymentPostprocessing = 0;
		};
		A932D1762339FCEB001ECA09 /* Frameworks */ = {
			isa = PBXFrameworksBuildPhase;
			buildActionMask = 2147483647;
			files = (
			);
			runOnlyForDeploymentPostprocessing = 0;
		};
/* End PBXFrameworksBuildPhase section */

/* Begin PBXGroup section */
		A932D14A2339FCEA001ECA09 = {
			isa = PBXGroup;
			children = (
				A932D1552339FCEA001ECA09 /* XLLLimaTest */,
				A932D1712339FCEB001ECA09 /* XLLLimaTestTests */,
				A932D17C2339FCEB001ECA09 /* XLLLimaTestUITests */,
				A932D1542339FCEA001ECA09 /* Products */,
			);
			sourceTree = "<group>";
		};
		A932D1542339FCEA001ECA09 /* Products */ = {
			isa = PBXGroup;
			children = (
				A932D1532339FCEA001ECA09 /* XLLLimaTest.app */,
				A932D16E2339FCEB001ECA09 /* XLLLimaTestTests.xctest */,
				A932D1792339FCEB001ECA09 /* XLLLimaTestUITests.xctest */,
			);
			name = Products;
			sourceTree = "<group>";
		};
		A932D1552339FCEA001ECA09 /* XLLLimaTest */ = {
			isa = PBXGroup;
			children = (
				A932D207233A0DDC001ECA09 /* Vendors */,
				A932D1CD233A0577001ECA09 /* SupportingFiles */,
				A932D18B233A0353001ECA09 /* AppDelegate */,
				A932D15C2339FCEA001ECA09 /* ViewController.h */,
				A932D15D2339FCEA001ECA09 /* ViewController.m */,
				A932D241233A0EF1001ECA09 /* XLLLimaTest-Bridging-Header.h */,
			);
			path = XLLLimaTest;
			sourceTree = "<group>";
		};
		A932D1712339FCEB001ECA09 /* XLLLimaTestTests */ = {
			isa = PBXGroup;
			children = (
				A932D1722339FCEB001ECA09 /* XLLLimaTestTests.m */,
				A932D1742339FCEB001ECA09 /* Info.plist */,
			);
			path = XLLLimaTestTests;
			sourceTree = "<group>";
		};
		A932D17C2339FCEB001ECA09 /* XLLLimaTestUITests */ = {
			isa = PBXGroup;
			children = (
				A932D17D2339FCEB001ECA09 /* XLLLimaTestUITests.m */,
				A932D17F2339FCEC001ECA09 /* Info.plist */,
			);
			path = XLLLimaTestUITests;
			sourceTree = "<group>";
		};
		A932D18B233A0353001ECA09 /* AppDelegate */ = {
			isa = PBXGroup;
			children = (
				A932D1562339FCEA001ECA09 /* AppDelegate.h */,
				A932D1572339FCEA001ECA09 /* AppDelegate.m */,
				A932D1592339FCEA001ECA09 /* SceneDelegate.h */,
				A932D15A2339FCEA001ECA09 /* SceneDelegate.m */,
			);
			path = AppDelegate;
			sourceTree = "<group>";
		};
		A932D1CD233A0577001ECA09 /* SupportingFiles */ = {
			isa = PBXGroup;
			children = (
				A932D15F2339FCEA001ECA09 /* Main.storyboard */,
				A932D1622339FCEB001ECA09 /* Assets.xcassets */,
				A932D1642339FCEB001ECA09 /* LaunchScreen.storyboard */,
				A932D1672339FCEB001ECA09 /* Info.plist */,
				A932D1682339FCEB001ECA09 /* main.m */,
			);
			name = SupportingFiles;
			sourceTree = "<group>";
		};
		A932D207233A0DDC001ECA09 /* Vendors */ = {
			isa = PBXGroup;
			children = (
				A932D208233A0E15001ECA09 /* Lima */,
			);
			path = Vendors;
			sourceTree = "<group>";
		};
		A932D208233A0E15001ECA09 /* Lima */ = {
			isa = PBXGroup;
			children = (
				A932D209233A0E15001ECA09 /* LMColumnView.swift */,
				A932D20A233A0E15001ECA09 /* LMCollectionViewCell.h */,
				A932D20B233A0E15001ECA09 /* LMBoxView.m */,
				A932D20C233A0E15001ECA09 /* LMScrollView.swift */,
				A932D20D233A0E15001ECA09 /* LMSpacer.m */,
				A932D20E233A0E15001ECA09 /* LMAnchorView.swift */,
				A932D20F233A0E15001ECA09 /* LMLayoutView.h */,
				A932D210233A0E15001ECA09 /* Lima.h */,
				A932D211233A0E15001ECA09 /* LMScrollView.m */,
				A932D212233A0E15001ECA09 /* LMRowView.swift */,
				A932D213233A0E15001ECA09 /* LMAnchorView.m */,
				A932D214233A0E15001ECA09 /* LMTableViewCell.h */,
				A932D215233A0E15001ECA09 /* LMTableViewCell.swift */,
				A932D216233A0E15001ECA09 /* LMRowView.m */,
				A932D217233A0E15001ECA09 /* UIKit+Lima.h */,
				A932D218233A0E15001ECA09 /* LMLayoutView.swift */,
				A932D219233A0E15001ECA09 /* LMTableViewHeaderFooterView.swift */,
				A932D21A233A0E15001ECA09 /* LMColumnView.h */,
				A932D21B233A0E15001ECA09 /* LMTableViewHeaderFooterView.h */,
				A932D21C233A0E15001ECA09 /* UIKit+Lima.swift */,
				A932D21D233A0E15001ECA09 /* LMBoxView.h */,
				A932D21E233A0E15001ECA09 /* LMCollectionViewCell.m */,
				A932D21F233A0E15001ECA09 /* LMLayoutView.m */,
				A932D220233A0E15001ECA09 /* LMSpacer.h */,
				A932D221233A0E15001ECA09 /* LMRowView.h */,
				A932D222233A0E15001ECA09 /* LMTableViewCell.m */,
				A932D223233A0E15001ECA09 /* LMAnchorView.h */,
				A932D224233A0E15001ECA09 /* LMSpacer.swift */,
				A932D225233A0E15001ECA09 /* LMScrollView.h */,
				A932D226233A0E15001ECA09 /* LMColumnView.m */,
				A932D227233A0E15001ECA09 /* LMTableViewHeaderFooterView.m */,
				A932D229233A0E15001ECA09 /* UIKit+Lima.m */,
			);
			path = Lima;
			sourceTree = "<group>";
		};
/* End PBXGroup section */

/* Begin PBXNativeTarget section */
		A932D1522339FCEA001ECA09 /* XLLLimaTest */ = {
			isa = PBXNativeTarget;
			buildConfigurationList = A932D1822339FCEC001ECA09 /* Build configuration list for PBXNativeTarget "XLLLimaTest" */;
			buildPhases = (
				A932D14F2339FCEA001ECA09 /* Sources */,
				A932D1502339FCEA001ECA09 /* Frameworks */,
				A932D1512339FCEA001ECA09 /* Resources */,
			);
			buildRules = (
			);
			dependencies = (
			);
			name = XLLLimaTest;
			productName = XLLLimaTest;
			productReference = A932D1532339FCEA001ECA09 /* XLLLimaTest.app */;
			productType = "com.apple.product-type.application";
		};
		A932D16D2339FCEB001ECA09 /* XLLLimaTestTests */ = {
			isa = PBXNativeTarget;
			buildConfigurationList = A932D1852339FCEC001ECA09 /* Build configuration list for PBXNativeTarget "XLLLimaTestTests" */;
			buildPhases = (
				A932D16A2339FCEB001ECA09 /* Sources */,
				A932D16B2339FCEB001ECA09 /* Frameworks */,
				A932D16C2339FCEB001ECA09 /* Resources */,
			);
			buildRules = (
			);
			dependencies = (
				A932D1702339FCEB001ECA09 /* PBXTargetDependency */,
			);
			name = XLLLimaTestTests;
			productName = XLLLimaTestTests;
			productReference = A932D16E2339FCEB001ECA09 /* XLLLimaTestTests.xctest */;
			productType = "com.apple.product-type.bundle.unit-test";
		};
		A932D1782339FCEB001ECA09 /* XLLLimaTestUITests */ = {
			isa = PBXNativeTarget;
			buildConfigurationList = A932D1882339FCEC001ECA09 /* Build configuration list for PBXNativeTarget "XLLLimaTestUITests" */;
			buildPhases = (
				A932D1752339FCEB001ECA09 /* Sources */,
				A932D1762339FCEB001ECA09 /* Frameworks */,
				A932D1772339FCEB001ECA09 /* Resources */,
			);
			buildRules = (
			);
			dependencies = (
				A932D17B2339FCEB001ECA09 /* PBXTargetDependency */,
			);
			name = XLLLimaTestUITests;
			productName = XLLLimaTestUITests;
			productReference = A932D1792339FCEB001ECA09 /* XLLLimaTestUITests.xctest */;
			productType = "com.apple.product-type.bundle.ui-testing";
		};
/* End PBXNativeTarget section */

/* Begin PBXProject section */
		A932D14B2339FCEA001ECA09 /* Project object */ = {
			isa = PBXProject;
			attributes = {
				LastUpgradeCheck = 1100;
				ORGANIZATIONNAME = xiaoll;
				TargetAttributes = {
					A932D1522339FCEA001ECA09 = {
						CreatedOnToolsVersion = 11.0;
					};
					A932D16D2339FCEB001ECA09 = {
						CreatedOnToolsVersion = 11.0;
						TestTargetID = A932D1522339FCEA001ECA09;
					};
					A932D1782339FCEB001ECA09 = {
						CreatedOnToolsVersion = 11.0;
						TestTargetID = A932D1522339FCEA001ECA09;
					};
				};
			};
			buildConfigurationList = A932D14E2339FCEA001ECA09 /* Build configuration list for PBXProject "XLLLimaTest" */;
			compatibilityVersion = "Xcode 9.3";
			developmentRegion = en;
			hasScannedForEncodings = 0;
			knownRegions = (
				en,
				Base,
			);
			mainGroup = A932D14A2339FCEA001ECA09;
			productRefGroup = A932D1542339FCEA001ECA09 /* Products */;
			projectDirPath = "";
			projectRoot = "";
			targets = (
				A932D1522339FCEA001ECA09 /* XLLLimaTest */,
				A932D16D2339FCEB001ECA09 /* XLLLimaTestTests */,
				A932D1782339FCEB001ECA09 /* XLLLimaTestUITests */,
			);
		};
/* End PBXProject section */

/* Begin PBXResourcesBuildPhase section */
		A932D1512339FCEA001ECA09 /* Resources */ = {
			isa = PBXResourcesBuildPhase;
			buildActionMask = 2147483647;
			files = (
				A932D1662339FCEB001ECA09 /* LaunchScreen.storyboard in Resources */,
				A932D1632339FCEB001ECA09 /* Assets.xcassets in Resources */,
				A932D1612339FCEA001ECA09 /* Main.storyboard in Resources */,
			);
			runOnlyForDeploymentPostprocessing = 0;
		};
		A932D16C2339FCEB001ECA09 /* Resources */ = {
			isa = PBXResourcesBuildPhase;
			buildActionMask = 2147483647;
			files = (
			);
			runOnlyForDeploymentPostprocessing = 0;
		};
		A932D1772339FCEB001ECA09 /* Resources */ = {
			isa = PBXResourcesBuildPhase;
			buildActionMask = 2147483647;
			files = (
			);
			runOnlyForDeploymentPostprocessing = 0;
		};
/* End PBXResourcesBuildPhase section */

/* Begin PBXSourcesBuildPhase section */
		A932D14F2339FCEA001ECA09 /* Sources */ = {
			isa = PBXSourcesBuildPhase;
			buildActionMask = 2147483647;
			files = (
				A932D236233A0E15001ECA09 /* UIKit+Lima.swift in Sources */,
				A932D15E2339FCEA001ECA09 /* ViewController.m in Sources */,
				A932D235233A0E15001ECA09 /* LMTableViewHeaderFooterView.swift in Sources */,
				A932D22C233A0E15001ECA09 /* LMScrollView.swift in Sources */,
				A932D22A233A0E15001ECA09 /* LMColumnView.swift in Sources */,
				A932D238233A0E15001ECA09 /* LMLayoutView.m in Sources */,
				A932D1582339FCEA001ECA09 /* AppDelegate.m in Sources */,
				A932D234233A0E15001ECA09 /* LMLayoutView.swift in Sources */,
				A932D239233A0E15001ECA09 /* LMTableViewCell.m in Sources */,
				A932D233233A0E15001ECA09 /* LMRowView.m in Sources */,
				A932D22D233A0E15001ECA09 /* LMSpacer.m in Sources */,
				A932D23E233A0E15001ECA09 /* UIKit+Lima.m in Sources */,
				A932D230233A0E15001ECA09 /* LMRowView.swift in Sources */,
				A932D22B233A0E15001ECA09 /* LMBoxView.m in Sources */,
				A932D1692339FCEB001ECA09 /* main.m in Sources */,
				A932D23A233A0E15001ECA09 /* LMSpacer.swift in Sources */,
				A932D23C233A0E15001ECA09 /* LMTableViewHeaderFooterView.m in Sources */,
				A932D231233A0E15001ECA09 /* LMAnchorView.m in Sources */,
				A932D237233A0E15001ECA09 /* LMCollectionViewCell.m in Sources */,
				A932D23B233A0E15001ECA09 /* LMColumnView.m in Sources */,
				A932D232233A0E15001ECA09 /* LMTableViewCell.swift in Sources */,
				A932D15B2339FCEA001ECA09 /* SceneDelegate.m in Sources */,
				A932D22F233A0E15001ECA09 /* LMScrollView.m in Sources */,
				A932D22E233A0E15001ECA09 /* LMAnchorView.swift in Sources */,
			);
			runOnlyForDeploymentPostprocessing = 0;
		};
		A932D16A2339FCEB001ECA09 /* Sources */ = {
			isa = PBXSourcesBuildPhase;
			buildActionMask = 2147483647;
			files = (
				A932D1732339FCEB001ECA09 /* XLLLimaTestTests.m in Sources */,
			);
			runOnlyForDeploymentPostprocessing = 0;
		};
		A932D1752339FCEB001ECA09 /* Sources */ = {
			isa = PBXSourcesBuildPhase;
			buildActionMask = 2147483647;
			files = (
				A932D17E2339FCEB001ECA09 /* XLLLimaTestUITests.m in Sources */,
			);
			runOnlyForDeploymentPostprocessing = 0;
		};
/* End PBXSourcesBuildPhase section */

/* Begin PBXTargetDependency section */
		A932D1702339FCEB001ECA09 /* PBXTargetDependency */ = {
			isa = PBXTargetDependency;
			target = A932D1522339FCEA001ECA09 /* XLLLimaTest */;
			targetProxy = A932D16F2339FCEB001ECA09 /* PBXContainerItemProxy */;
		};
		A932D17B2339FCEB001ECA09 /* PBXTargetDependency */ = {
			isa = PBXTargetDependency;
			target = A932D1522339FCEA001ECA09 /* XLLLimaTest */;
			targetProxy = A932D17A2339FCEB001ECA09 /* PBXContainerItemProxy */;
		};
/* End PBXTargetDependency section */

/* Begin PBXVariantGroup section */
		A932D15F2339FCEA001ECA09 /* Main.storyboard */ = {
			isa = PBXVariantGroup;
			children = (
				A932D1602339FCEA001ECA09 /* Base */,
			);
			name = Main.storyboard;
			sourceTree = "<group>";
		};
		A932D1642339FCEB001ECA09 /* LaunchScreen.storyboard */ = {
			isa = PBXVariantGroup;
			children = (
				A932D1652339FCEB001ECA09 /* Base */,
			);
			name = LaunchScreen.storyboard;
			sourceTree = "<group>";
		};
/* End PBXVariantGroup section */

/* Begin XCBuildConfiguration section */
		A932D1802339FCEC001ECA09 /* Debug */ = {
			isa = XCBuildConfiguration;
			buildSettings = {
				ALWAYS_SEARCH_USER_PATHS = NO;
				CLANG_ANALYZER_NONNULL = YES;
				CLANG_ANALYZER_NUMBER_OBJECT_CONVERSION = YES_AGGRESSIVE;
				CLANG_CXX_LANGUAGE_STANDARD = "gnu++14";
				CLANG_CXX_LIBRARY = "libc++";
				CLANG_ENABLE_MODULES = YES;
				CLANG_ENABLE_OBJC_ARC = YES;
				CLANG_ENABLE_OBJC_WEAK = YES;
				CLANG_WARN_BLOCK_CAPTURE_AUTORELEASING = YES;
				CLANG_WARN_BOOL_CONVERSION = YES;
				CLANG_WARN_COMMA = YES;
				CLANG_WARN_CONSTANT_CONVERSION = YES;
				CLANG_WARN_DEPRECATED_OBJC_IMPLEMENTATIONS = YES;
				CLANG_WARN_DIRECT_OBJC_ISA_USAGE = YES_ERROR;
				CLANG_WARN_DOCUMENTATION_COMMENTS = YES;
				CLANG_WARN_EMPTY_BODY = YES;
				CLANG_WARN_ENUM_CONVERSION = YES;
				CLANG_WARN_INFINITE_RECURSION = YES;
				CLANG_WARN_INT_CONVERSION = YES;
				CLANG_WARN_NON_LITERAL_NULL_CONVERSION = YES;
				CLANG_WARN_OBJC_IMPLICIT_RETAIN_SELF = YES;
				CLANG_WARN_OBJC_LITERAL_CONVERSION = YES;
				CLANG_WARN_OBJC_ROOT_CLASS = YES_ERROR;
				CLANG_WARN_RANGE_LOOP_ANALYSIS = YES;
				CLANG_WARN_STRICT_PROTOTYPES = YES;
				CLANG_WARN_SUSPICIOUS_MOVE = YES;
				CLANG_WARN_UNGUARDED_AVAILABILITY = YES_AGGRESSIVE;
				CLANG_WARN_UNREACHABLE_CODE = YES;
				CLANG_WARN__DUPLICATE_METHOD_MATCH = YES;
				COPY_PHASE_STRIP = NO;
				DEBUG_INFORMATION_FORMAT = dwarf;
				ENABLE_STRICT_OBJC_MSGSEND = YES;
				ENABLE_TESTABILITY = YES;
				GCC_C_LANGUAGE_STANDARD = gnu11;
				GCC_DYNAMIC_NO_PIC = NO;
				GCC_NO_COMMON_BLOCKS = YES;
				GCC_OPTIMIZATION_LEVEL = 0;
				GCC_PREPROCESSOR_DEFINITIONS = (
					"DEBUG=1",
					"$(inherited)",
				);
				GCC_WARN_64_TO_32_BIT_CONVERSION = YES;
				GCC_WARN_ABOUT_RETURN_TYPE = YES_ERROR;
				GCC_WARN_UNDECLARED_SELECTOR = YES;
				GCC_WARN_UNINITIALIZED_AUTOS = YES_AGGRESSIVE;
				GCC_WARN_UNUSED_FUNCTION = YES;
				GCC_WARN_UNUSED_VARIABLE = YES;
				IPHONEOS_DEPLOYMENT_TARGET = 11.0;
				MTL_ENABLE_DEBUG_INFO = INCLUDE_SOURCE;
				MTL_FAST_MATH = YES;
				ONLY_ACTIVE_ARCH = YES;
				SDKROOT = iphoneos;
				SWIFT_VERSION = 5.0;
			};
			name = Debug;
		};
		A932D1812339FCEC001ECA09 /* Release */ = {
			isa = XCBuildConfiguration;
			buildSettings = {
				ALWAYS_SEARCH_USER_PATHS = NO;
				CLANG_ANALYZER_NONNULL = YES;
				CLANG_ANALYZER_NUMBER_OBJECT_CONVERSION = YES_AGGRESSIVE;
				CLANG_CXX_LANGUAGE_STANDARD = "gnu++14";
				CLANG_CXX_LIBRARY = "libc++";
				CLANG_ENABLE_MODULES = YES;
				CLANG_ENABLE_OBJC_ARC = YES;
				CLANG_ENABLE_OBJC_WEAK = YES;
				CLANG_WARN_BLOCK_CAPTURE_AUTORELEASING = YES;
				CLANG_WARN_BOOL_CONVERSION = YES;
				CLANG_WARN_COMMA = YES;
				CLANG_WARN_CONSTANT_CONVERSION = YES;
				CLANG_WARN_DEPRECATED_OBJC_IMPLEMENTATIONS = YES;
				CLANG_WARN_DIRECT_OBJC_ISA_USAGE = YES_ERROR;
				CLANG_WARN_DOCUMENTATION_COMMENTS = YES;
				CLANG_WARN_EMPTY_BODY = YES;
				CLANG_WARN_ENUM_CONVERSION = YES;
				CLANG_WARN_INFINITE_RECURSION = YES;
				CLANG_WARN_INT_CONVERSION = YES;
				CLANG_WARN_NON_LITERAL_NULL_CONVERSION = YES;
				CLANG_WARN_OBJC_IMPLICIT_RETAIN_SELF = YES;
				CLANG_WARN_OBJC_LITERAL_CONVERSION = YES;
				CLANG_WARN_OBJC_ROOT_CLASS = YES_ERROR;
				CLANG_WARN_RANGE_LOOP_ANALYSIS = YES;
				CLANG_WARN_STRICT_PROTOTYPES = YES;
				CLANG_WARN_SUSPICIOUS_MOVE = YES;
				CLANG_WARN_UNGUARDED_AVAILABILITY = YES_AGGRESSIVE;
				CLANG_WARN_UNREACHABLE_CODE = YES;
				CLANG_WARN__DUPLICATE_METHOD_MATCH = YES;
				COPY_PHASE_STRIP = NO;
				DEBUG_INFORMATION_FORMAT = "dwarf-with-dsym";
				ENABLE_NS_ASSERTIONS = NO;
				ENABLE_STRICT_OBJC_MSGSEND = YES;
				GCC_C_LANGUAGE_STANDARD = gnu11;
				GCC_NO_COMMON_BLOCKS = YES;
				GCC_WARN_64_TO_32_BIT_CONVERSION = YES;
				GCC_WARN_ABOUT_RETURN_TYPE = YES_ERROR;
				GCC_WARN_UNDECLARED_SELECTOR = YES;
				GCC_WARN_UNINITIALIZED_AUTOS = YES_AGGRESSIVE;
				GCC_WARN_UNUSED_FUNCTION = YES;
				GCC_WARN_UNUSED_VARIABLE = YES;
				IPHONEOS_DEPLOYMENT_TARGET = 11.0;
				MTL_ENABLE_DEBUG_INFO = NO;
				MTL_FAST_MATH = YES;
				SDKROOT = iphoneos;
				SWIFT_VERSION = 5.0;
				VALIDATE_PRODUCT = YES;
			};
			name = Release;
		};
		A932D1832339FCEC001ECA09 /* Debug */ = {
			isa = XCBuildConfiguration;
			buildSettings = {
				ASSETCATALOG_COMPILER_APPICON_NAME = AppIcon;
				CODE_SIGN_STYLE = Automatic;
				DEVELOPMENT_TEAM = FY6L33U4A3;
				INFOPLIST_FILE = XLLLimaTest/Info.plist;
				LD_RUNPATH_SEARCH_PATHS = (
					"$(inherited)",
					"@executable_path/Frameworks",
				);
				PRODUCT_BUNDLE_IDENTIFIER = com.CoderXLL.XLLLimaTest;
				PRODUCT_NAME = "$(TARGET_NAME)";
				SWIFT_OBJC_BRIDGING_HEADER = "XLLLimaTest/XLLLimaTest-Bridging-Header.h";
				SWIFT_VERSION = 5.0;
				TARGETED_DEVICE_FAMILY = "1,2";
			};
			name = Debug;
		};
		A932D1842339FCEC001ECA09 /* Release */ = {
			isa = XCBuildConfiguration;
			buildSettings = {
				ASSETCATALOG_COMPILER_APPICON_NAME = AppIcon;
				CODE_SIGN_STYLE = Automatic;
				DEVELOPMENT_TEAM = FY6L33U4A3;
				INFOPLIST_FILE = XLLLimaTest/Info.plist;
				LD_RUNPATH_SEARCH_PATHS = (
					"$(inherited)",
					"@executable_path/Frameworks",
				);
				PRODUCT_BUNDLE_IDENTIFIER = com.CoderXLL.XLLLimaTest;
				PRODUCT_NAME = "$(TARGET_NAME)";
				SWIFT_OBJC_BRIDGING_HEADER = "XLLLimaTest/XLLLimaTest-Bridging-Header.h";
				SWIFT_VERSION = 5.0;
				TARGETED_DEVICE_FAMILY = "1,2";
			};
			name = Release;
		};
		A932D1862339FCEC001ECA09 /* Debug */ = {
			isa = XCBuildConfiguration;
			buildSettings = {
				ALWAYS_EMBED_SWIFT_STANDARD_LIBRARIES = YES;
				BUNDLE_LOADER = "$(TEST_HOST)";
				CODE_SIGN_STYLE = Automatic;
				DEVELOPMENT_TEAM = FY6L33U4A3;
				INFOPLIST_FILE = XLLLimaTestTests/Info.plist;
				IPHONEOS_DEPLOYMENT_TARGET = 13.0;
				LD_RUNPATH_SEARCH_PATHS = (
					"$(inherited)",
					"@executable_path/Frameworks",
					"@loader_path/Frameworks",
				);
				PRODUCT_BUNDLE_IDENTIFIER = com.CoderXLL.XLLLimaTestTests;
				PRODUCT_NAME = "$(TARGET_NAME)";
				TARGETED_DEVICE_FAMILY = "1,2";
				TEST_HOST = "$(BUILT_PRODUCTS_DIR)/XLLLimaTest.app/XLLLimaTest";
			};
			name = Debug;
		};
		A932D1872339FCEC001ECA09 /* Release */ = {
			isa = XCBuildConfiguration;
			buildSettings = {
				ALWAYS_EMBED_SWIFT_STANDARD_LIBRARIES = YES;
				BUNDLE_LOADER = "$(TEST_HOST)";
				CODE_SIGN_STYLE = Automatic;
				DEVELOPMENT_TEAM = FY6L33U4A3;
				INFOPLIST_FILE = XLLLimaTestTests/Info.plist;
				IPHONEOS_DEPLOYMENT_TARGET = 13.0;
				LD_RUNPATH_SEARCH_PATHS = (
					"$(inherited)",
					"@executable_path/Frameworks",
					"@loader_path/Frameworks",
				);
				PRODUCT_BUNDLE_IDENTIFIER = com.CoderXLL.XLLLimaTestTests;
				PRODUCT_NAME = "$(TARGET_NAME)";
				TARGETED_DEVICE_FAMILY = "1,2";
				TEST_HOST = "$(BUILT_PRODUCTS_DIR)/XLLLimaTest.app/XLLLimaTest";
			};
			name = Release;
		};
		A932D1892339FCEC001ECA09 /* Debug */ = {
			isa = XCBuildConfiguration;
			buildSettings = {
				ALWAYS_EMBED_SWIFT_STANDARD_LIBRARIES = YES;
				CODE_SIGN_STYLE = Automatic;
				DEVELOPMENT_TEAM = FY6L33U4A3;
				INFOPLIST_FILE = XLLLimaTestUITests/Info.plist;
				LD_RUNPATH_SEARCH_PATHS = (
					"$(inherited)",
					"@executable_path/Frameworks",
					"@loader_path/Frameworks",
				);
				PRODUCT_BUNDLE_IDENTIFIER = com.CoderXLL.XLLLimaTestUITests;
				PRODUCT_NAME = "$(TARGET_NAME)";
				TARGETED_DEVICE_FAMILY = "1,2";
				TEST_TARGET_NAME = XLLLimaTest;
			};
			name = Debug;
		};
		A932D18A2339FCEC001ECA09 /* Release */ = {
			isa = XCBuildConfiguration;
			buildSettings = {
				ALWAYS_EMBED_SWIFT_STANDARD_LIBRARIES = YES;
				CODE_SIGN_STYLE = Automatic;
				DEVELOPMENT_TEAM = FY6L33U4A3;
				INFOPLIST_FILE = XLLLimaTestUITests/Info.plist;
				LD_RUNPATH_SEARCH_PATHS = (
					"$(inherited)",
					"@executable_path/Frameworks",
					"@loader_path/Frameworks",
				);
				PRODUCT_BUNDLE_IDENTIFIER = com.CoderXLL.XLLLimaTestUITests;
				PRODUCT_NAME = "$(TARGET_NAME)";
				TARGETED_DEVICE_FAMILY = "1,2";
				TEST_TARGET_NAME = XLLLimaTest;
			};
			name = Release;
		};
/* End XCBuildConfiguration section */

/* Begin XCConfigurationList section */
		A932D14E2339FCEA001ECA09 /* Build configuration list for PBXProject "XLLLimaTest" */ = {
			isa = XCConfigurationList;
			buildConfigurations = (
				A932D1802339FCEC001ECA09 /* Debug */,
				A932D1812339FCEC001ECA09 /* Release */,
			);
			defaultConfigurationIsVisible = 0;
			defaultConfigurationName = Release;
		};
		A932D1822339FCEC001ECA09 /* Build configuration list for PBXNativeTarget "XLLLimaTest" */ = {
			isa = XCConfigurationList;
			buildConfigurations = (
				A932D1832339FCEC001ECA09 /* Debug */,
				A932D1842339FCEC001ECA09 /* Release */,
			);
			defaultConfigurationIsVisible = 0;
			defaultConfigurationName = Release;
		};
		A932D1852339FCEC001ECA09 /* Build configuration list for PBXNativeTarget "XLLLimaTestTests" */ = {
			isa = XCConfigurationList;
			buildConfigurations = (
				A932D1862339FCEC001ECA09 /* Debug */,
				A932D1872339FCEC001ECA09 /* Release */,
			);
			defaultConfigurationIsVisible = 0;
			defaultConfigurationName = Release;
		};
		A932D1882339FCEC001ECA09 /* Build configuration list for PBXNativeTarget "XLLLimaTestUITests" */ = {
			isa = XCConfigurationList;
			buildConfigurations = (
				A932D1892339FCEC001ECA09 /* Debug */,
				A932D18A2339FCEC001ECA09 /* Release */,
			);
			defaultConfigurationIsVisible = 0;
			defaultConfigurationName = Release;
		};
/* End XCConfigurationList section */
	};
	rootObject = A932D14B2339FCEA001ECA09 /* Project object */;
}
